// !$*UTF8*$!
{
	archiveVersion = 1;
	classes = {
	};
	objectVersion = 56;
	objects = {

/* Begin PBXBuildFile section */
		ACE0EB5829A35D4F00A09F13 /* AppDelegate.swift in Sources */ = {isa = PBXBuildFile; fileRef = ACE0EB5729A35D4F00A09F13 /* AppDelegate.swift */; };
		ACE0EB5A29A35D4F00A09F13 /* SceneDelegate.swift in Sources */ = {isa = PBXBuildFile; fileRef = ACE0EB5929A35D4F00A09F13 /* SceneDelegate.swift */; };
		ACE0EB5C29A35D4F00A09F13 /* BeersViewController.swift in Sources */ = {isa = PBXBuildFile; fileRef = ACE0EB5B29A35D4F00A09F13 /* BeersViewController.swift */; };
		ACE0EB6129A35D5000A09F13 /* Assets.xcassets in Resources */ = {isa = PBXBuildFile; fileRef = ACE0EB6029A35D5000A09F13 /* Assets.xcassets */; };
		ACE0EB6C29A35E5900A09F13 /* NetworkManager.swift in Sources */ = {isa = PBXBuildFile; fileRef = ACE0EB6B29A35E5900A09F13 /* NetworkManager.swift */; };
		ACE0EB6E29A35E7700A09F13 /* Beer.swift in Sources */ = {isa = PBXBuildFile; fileRef = ACE0EB6D29A35E7700A09F13 /* Beer.swift */; };
		ACE0EB7029A3615900A09F13 /* BeerTableCell.swift in Sources */ = {isa = PBXBuildFile; fileRef = ACE0EB6F29A3615900A09F13 /* BeerTableCell.swift */; };
		ACE0EB7229A3619700A09F13 /* Extension + UILabel.swift in Sources */ = {isa = PBXBuildFile; fileRef = ACE0EB7129A3619700A09F13 /* Extension + UILabel.swift */; };
		ACE0EB7429A361E300A09F13 /* Extension + UIImageView.swift in Sources */ = {isa = PBXBuildFile; fileRef = ACE0EB7329A361E300A09F13 /* Extension + UIImageView.swift */; };
		ACE0EB7C29A3671A00A09F13 /* DetailBeersViewController.swift in Sources */ = {isa = PBXBuildFile; fileRef = ACE0EB7B29A3671A00A09F13 /* DetailBeersViewController.swift */; };
/* End PBXBuildFile section */

/* Begin PBXFileReference section */
		ACE0EB5429A35D4F00A09F13 /* Homework.app */ = {isa = PBXFileReference; explicitFileType = wrapper.application; includeInIndex = 0; path = Homework.app; sourceTree = BUILT_PRODUCTS_DIR; };
		ACE0EB5729A35D4F00A09F13 /* AppDelegate.swift */ = {isa = PBXFileReference; lastKnownFileType = sourcecode.swift; path = AppDelegate.swift; sourceTree = "<group>"; };
		ACE0EB5929A35D4F00A09F13 /* SceneDelegate.swift */ = {isa = PBXFileReference; lastKnownFileType = sourcecode.swift; path = SceneDelegate.swift; sourceTree = "<group>"; };
		ACE0EB5B29A35D4F00A09F13 /* BeersViewController.swift */ = {isa = PBXFileReference; lastKnownFileType = sourcecode.swift; path = BeersViewController.swift; sourceTree = "<group>"; };
		ACE0EB6029A35D5000A09F13 /* Assets.xcassets */ = {isa = PBXFileReference; lastKnownFileType = folder.assetcatalog; path = Assets.xcassets; sourceTree = "<group>"; };
		ACE0EB6529A35D5000A09F13 /* Info.plist */ = {isa = PBXFileReference; lastKnownFileType = text.plist.xml; path = Info.plist; sourceTree = "<group>"; };
		ACE0EB6B29A35E5900A09F13 /* NetworkManager.swift */ = {isa = PBXFileReference; lastKnownFileType = sourcecode.swift; path = NetworkManager.swift; sourceTree = "<group>"; };
		ACE0EB6D29A35E7700A09F13 /* Beer.swift */ = {isa = PBXFileReference; lastKnownFileType = sourcecode.swift; path = Beer.swift; sourceTree = "<group>"; };
		ACE0EB6F29A3615900A09F13 /* BeerTableCell.swift */ = {isa = PBXFileReference; lastKnownFileType = sourcecode.swift; path = BeerTableCell.swift; sourceTree = "<group>"; };
		ACE0EB7129A3619700A09F13 /* Extension + UILabel.swift */ = {isa = PBXFileReference; lastKnownFileType = sourcecode.swift; path = "Extension + UILabel.swift"; sourceTree = "<group>"; };
		ACE0EB7329A361E300A09F13 /* Extension + UIImageView.swift */ = {isa = PBXFileReference; lastKnownFileType = sourcecode.swift; path = "Extension + UIImageView.swift"; sourceTree = "<group>"; };
		ACE0EB7B29A3671A00A09F13 /* DetailBeersViewController.swift */ = {isa = PBXFileReference; lastKnownFileType = sourcecode.swift; path = DetailBeersViewController.swift; sourceTree = "<group>"; };
/* End PBXFileReference section */

/* Begin PBXFrameworksBuildPhase section */
		ACE0EB5129A35D4F00A09F13 /* Frameworks */ = {
			isa = PBXFrameworksBuildPhase;
			buildActionMask = 2147483647;
			files = (
			);
			runOnlyForDeploymentPostprocessing = 0;
		};
/* End PBXFrameworksBuildPhase section */

/* Begin PBXGroup section */
		ACE0EB4B29A35D4F00A09F13 = {
			isa = PBXGroup;
			children = (
				ACE0EB5629A35D4F00A09F13 /* Homework */,
				ACE0EB5529A35D4F00A09F13 /* Products */,
			);
			sourceTree = "<group>";
		};
		ACE0EB5529A35D4F00A09F13 /* Products */ = {
			isa = PBXGroup;
			children = (
				ACE0EB5429A35D4F00A09F13 /* Homework.app */,
			);
			name = Products;
			sourceTree = "<group>";
		};
		ACE0EB5629A35D4F00A09F13 /* Homework */ = {
			isa = PBXGroup;
			children = (
				ACE0EB7629A3622800A09F13 /* Network */,
				ACE0EB7729A3622F00A09F13 /* Model */,
				ACE0EB7529A3621E00A09F13 /* Extension */,
				ACE0EB7A29A366ED00A09F13 /* Recources */,
				ACE0EB7829A3623500A09F13 /* Controller */,
				ACE0EB6029A35D5000A09F13 /* Assets.xcassets */,
				ACE0EB6529A35D5000A09F13 /* Info.plist */,
			);
			path = Homework;
			sourceTree = "<group>";
		};
		ACE0EB7529A3621E00A09F13 /* Extension */ = {
			isa = PBXGroup;
			children = (
				ACE0EB7129A3619700A09F13 /* Extension + UILabel.swift */,
				ACE0EB7329A361E300A09F13 /* Extension + UIImageView.swift */,
			);
			path = Extension;
			sourceTree = "<group>";
		};
		ACE0EB7629A3622800A09F13 /* Network */ = {
			isa = PBXGroup;
			children = (
				ACE0EB6B29A35E5900A09F13 /* NetworkManager.swift */,
			);
			path = Network;
			sourceTree = "<group>";
		};
		ACE0EB7729A3622F00A09F13 /* Model */ = {
			isa = PBXGroup;
			children = (
				ACE0EB6D29A35E7700A09F13 /* Beer.swift */,
			);
			path = Model;
			sourceTree = "<group>";
		};
		ACE0EB7829A3623500A09F13 /* Controller */ = {
			isa = PBXGroup;
			children = (
				ACE0EB5B29A35D4F00A09F13 /* BeersViewController.swift */,
				ACE0EB7B29A3671A00A09F13 /* DetailBeersViewController.swift */,
				ACE0EB7929A3623E00A09F13 /* Cell */,
			);
			path = Controller;
			sourceTree = "<group>";
		};
		ACE0EB7929A3623E00A09F13 /* Cell */ = {
			isa = PBXGroup;
			children = (
				ACE0EB6F29A3615900A09F13 /* BeerTableCell.swift */,
			);
			path = Cell;
			sourceTree = "<group>";
		};
		ACE0EB7A29A366ED00A09F13 /* Recources */ = {
			isa = PBXGroup;
			children = (
				ACE0EB5729A35D4F00A09F13 /* AppDelegate.swift */,
				ACE0EB5929A35D4F00A09F13 /* SceneDelegate.swift */,
			);
			path = Recources;
			sourceTree = "<group>";
		};
/* End PBXGroup section */

/* Begin PBXNativeTarget section */
		ACE0EB5329A35D4F00A09F13 /* Homework */ = {
			isa = PBXNativeTarget;
			buildConfigurationList = ACE0EB6829A35D5000A09F13 /* Build configuration list for PBXNativeTarget "Homework" */;
			buildPhases = (
				ACE0EB5029A35D4F00A09F13 /* Sources */,
				ACE0EB5129A35D4F00A09F13 /* Frameworks */,
				ACE0EB5229A35D4F00A09F13 /* Resources */,
			);
			buildRules = (
			);
			dependencies = (
			);
			name = Homework;
			productName = Homework;
			productReference = ACE0EB5429A35D4F00A09F13 /* Homework.app */;
			productType = "com.apple.product-type.application";
		};
/* End PBXNativeTarget section */

/* Begin PBXProject section */
		ACE0EB4C29A35D4F00A09F13 /* Project object */ = {
			isa = PBXProject;
			attributes = {
				BuildIndependentTargetsInParallel = 1;
				LastSwiftUpdateCheck = 1400;
				LastUpgradeCheck = 1400;
				TargetAttributes = {
					ACE0EB5329A35D4F00A09F13 = {
						CreatedOnToolsVersion = 14.0.1;
					};
				};
			};
			buildConfigurationList = ACE0EB4F29A35D4F00A09F13 /* Build configuration list for PBXProject "Homework" */;
			compatibilityVersion = "Xcode 14.0";
			developmentRegion = en;
			hasScannedForEncodings = 0;
			knownRegions = (
				en,
				Base,
			);
			mainGroup = ACE0EB4B29A35D4F00A09F13;
			productRefGroup = ACE0EB5529A35D4F00A09F13 /* Products */;
			projectDirPath = "";
			projectRoot = "";
			targets = (
				ACE0EB5329A35D4F00A09F13 /* Homework */,
			);
		};
/* End PBXProject section */

/* Begin PBXResourcesBuildPhase section */
		ACE0EB5229A35D4F00A09F13 /* Resources */ = {
			isa = PBXResourcesBuildPhase;
			buildActionMask = 2147483647;
			files = (
				ACE0EB6129A35D5000A09F13 /* Assets.xcassets in Resources */,
			);
			runOnlyForDeploymentPostprocessing = 0;
		};
/* End PBXResourcesBuildPhase section */

/* Begin PBXSourcesBuildPhase section */
		ACE0EB5029A35D4F00A09F13 /* Sources */ = {
			isa = PBXSourcesBuildPhase;
			buildActionMask = 2147483647;
			files = (
				ACE0EB6C29A35E5900A09F13 /* NetworkManager.swift in Sources */,
				ACE0EB5C29A35D4F00A09F13 /* BeersViewController.swift in Sources */,
				ACE0EB7229A3619700A09F13 /* Extension + UILabel.swift in Sources */,
				ACE0EB7029A3615900A09F13 /* BeerTableCell.swift in Sources */,
				ACE0EB7429A361E300A09F13 /* Extension + UIImageView.swift in Sources */,
				ACE0EB6E29A35E7700A09F13 /* Beer.swift in Sources */,
				ACE0EB5829A35D4F00A09F13 /* AppDelegate.swift in Sources */,
				ACE0EB7C29A3671A00A09F13 /* DetailBeersViewController.swift in Sources */,
				ACE0EB5A29A35D4F00A09F13 /* SceneDelegate.swift in Sources */,
			);
			runOnlyForDeploymentPostprocessing = 0;
		};
/* End PBXSourcesBuildPhase section */

/* Begin XCBuildConfiguration section */
		ACE0EB6629A35D5000A09F13 /* Debug */ = {
			isa = XCBuildConfiguration;
			buildSettings = {
				ALWAYS_SEARCH_USER_PATHS = NO;
				CLANG_ANALYZER_NONNULL = YES;
				CLANG_ANALYZER_NUMBER_OBJECT_CONVERSION = YES_AGGRESSIVE;
				CLANG_CXX_LANGUAGE_STANDARD = "gnu++20";
				CLANG_ENABLE_MODULES = YES;
				CLANG_ENABLE_OBJC_ARC = YES;
				CLANG_ENABLE_OBJC_WEAK = YES;
				CLANG_WARN_BLOCK_CAPTURE_AUTORELEASING = YES;
				CLANG_WARN_BOOL_CONVERSION = YES;
				CLANG_WARN_COMMA = YES;
				CLANG_WARN_CONSTANT_CONVERSION = YES;
				CLANG_WARN_DEPRECATED_OBJC_IMPLEMENTATIONS = YES;
				CLANG_WARN_DIRECT_OBJC_ISA_USAGE = YES_ERROR;
				CLANG_WARN_DOCUMENTATION_COMMENTS = YES;
				CLANG_WARN_EMPTY_BODY = YES;
				CLANG_WARN_ENUM_CONVERSION = YES;
				CLANG_WARN_INFINITE_RECURSION = YES;
				CLANG_WARN_INT_CONVERSION = YES;
				CLANG_WARN_NON_LITERAL_NULL_CONVERSION = YES;
				CLANG_WARN_OBJC_IMPLICIT_RETAIN_SELF = YES;
				CLANG_WARN_OBJC_LITERAL_CONVERSION = YES;
				CLANG_WARN_OBJC_ROOT_CLASS = YES_ERROR;
				CLANG_WARN_QUOTED_INCLUDE_IN_FRAMEWORK_HEADER = YES;
				CLANG_WARN_RANGE_LOOP_ANALYSIS = YES;
				CLANG_WARN_STRICT_PROTOTYPES = YES;
				CLANG_WARN_SUSPICIOUS_MOVE = YES;
				CLANG_WARN_UNGUARDED_AVAILABILITY = YES_AGGRESSIVE;
				CLANG_WARN_UNREACHABLE_CODE = YES;
				CLANG_WARN__DUPLICATE_METHOD_MATCH = YES;
				COPY_PHASE_STRIP = NO;
				DEBUG_INFORMATION_FORMAT = dwarf;
				ENABLE_STRICT_OBJC_MSGSEND = YES;
				ENABLE_TESTABILITY = YES;
				GCC_C_LANGUAGE_STANDARD = gnu11;
				GCC_DYNAMIC_NO_PIC = NO;
				GCC_NO_COMMON_BLOCKS = YES;
				GCC_OPTIMIZATION_LEVEL = 0;
				GCC_PREPROCESSOR_DEFINITIONS = (
					"DEBUG=1",
					"$(inherited)",
				);
				GCC_WARN_64_TO_32_BIT_CONVERSION = YES;
				GCC_WARN_ABOUT_RETURN_TYPE = YES_ERROR;
				GCC_WARN_UNDECLARED_SELECTOR = YES;
				GCC_WARN_UNINITIALIZED_AUTOS = YES_AGGRESSIVE;
				GCC_WARN_UNUSED_FUNCTION = YES;
				GCC_WARN_UNUSED_VARIABLE = YES;
				IPHONEOS_DEPLOYMENT_TARGET = 16.0;
				MTL_ENABLE_DEBUG_INFO = INCLUDE_SOURCE;
				MTL_FAST_MATH = YES;
				ONLY_ACTIVE_ARCH = YES;
				SDKROOT = iphoneos;
				SWIFT_ACTIVE_COMPILATION_CONDITIONS = DEBUG;
				SWIFT_OPTIMIZATION_LEVEL = "-Onone";
			};
			name = Debug;
		};
		ACE0EB6729A35D5000A09F13 /* Release */ = {
			isa = XCBuildConfiguration;
			buildSettings = {
				ALWAYS_SEARCH_USER_PATHS = NO;
				CLANG_ANALYZER_NONNULL = YES;
				CLANG_ANALYZER_NUMBER_OBJECT_CONVERSION = YES_AGGRESSIVE;
				CLANG_CXX_LANGUAGE_STANDARD = "gnu++20";
				CLANG_ENABLE_MODULES = YES;
				CLANG_ENABLE_OBJC_ARC = YES;
				CLANG_ENABLE_OBJC_WEAK = YES;
				CLANG_WARN_BLOCK_CAPTURE_AUTORELEASING = YES;
				CLANG_WARN_BOOL_CONVERSION = YES;
				CLANG_WARN_COMMA = YES;
				CLANG_WARN_CONSTANT_CONVERSION = YES;
				CLANG_WARN_DEPRECATED_OBJC_IMPLEMENTATIONS = YES;
				CLANG_WARN_DIRECT_OBJC_ISA_USAGE = YES_ERROR;
				CLANG_WARN_DOCUMENTATION_COMMENTS = YES;
				CLANG_WARN_EMPTY_BODY = YES;
				CLANG_WARN_ENUM_CONVERSION = YES;
				CLANG_WARN_INFINITE_RECURSION = YES;
				CLANG_WARN_INT_CONVERSION = YES;
				CLANG_WARN_NON_LITERAL_NULL_CONVERSION = YES;
				CLANG_WARN_OBJC_IMPLICIT_RETAIN_SELF = YES;
				CLANG_WARN_OBJC_LITERAL_CONVERSION = YES;
				CLANG_WARN_OBJC_ROOT_CLASS = YES_ERROR;
				CLANG_WARN_QUOTED_INCLUDE_IN_FRAMEWORK_HEADER = YES;
				CLANG_WARN_RANGE_LOOP_ANALYSIS = YES;
				CLANG_WARN_STRICT_PROTOTYPES = YES;
				CLANG_WARN_SUSPICIOUS_MOVE = YES;
				CLANG_WARN_UNGUARDED_AVAILABILITY = YES_AGGRESSIVE;
				CLANG_WARN_UNREACHABLE_CODE = YES;
				CLANG_WARN__DUPLICATE_METHOD_MATCH = YES;
				COPY_PHASE_STRIP = NO;
				DEBUG_INFORMATION_FORMAT = "dwarf-with-dsym";
				ENABLE_NS_ASSERTIONS = NO;
				ENABLE_STRICT_OBJC_MSGSEND = YES;
				GCC_C_LANGUAGE_STANDARD = gnu11;
				GCC_NO_COMMON_BLOCKS = YES;
				GCC_WARN_64_TO_32_BIT_CONVERSION = YES;
				GCC_WARN_ABOUT_RETURN_TYPE = YES_ERROR;
				GCC_WARN_UNDECLARED_SELECTOR = YES;
				GCC_WARN_UNINITIALIZED_AUTOS = YES_AGGRESSIVE;
				GCC_WARN_UNUSED_FUNCTION = YES;
				GCC_WARN_UNUSED_VARIABLE = YES;
				IPHONEOS_DEPLOYMENT_TARGET = 16.0;
				MTL_ENABLE_DEBUG_INFO = NO;
				MTL_FAST_MATH = YES;
				SDKROOT = iphoneos;
				SWIFT_COMPILATION_MODE = wholemodule;
				SWIFT_OPTIMIZATION_LEVEL = "-O";
				VALIDATE_PRODUCT = YES;
			};
			name = Release;
		};
		ACE0EB6929A35D5000A09F13 /* Debug */ = {
			isa = XCBuildConfiguration;
			buildSettings = {
				ASSETCATALOG_COMPILER_APPICON_NAME = AppIcon;
				ASSETCATALOG_COMPILER_GLOBAL_ACCENT_COLOR_NAME = AccentColor;
				CODE_SIGN_STYLE = Automatic;
				CURRENT_PROJECT_VERSION = 1;
				GENERATE_INFOPLIST_FILE = YES;
				INFOPLIST_FILE = Homework/Info.plist;
				INFOPLIST_KEY_UIApplicationSupportsIndirectInputEvents = YES;
				INFOPLIST_KEY_UILaunchStoryboardName = LaunchScreen;
				INFOPLIST_KEY_UISupportedInterfaceOrientations_iPad = "UIInterfaceOrientationPortrait UIInterfaceOrientationPortraitUpsideDown UIInterfaceOrientationLandscapeLeft UIInterfaceOrientationLandscapeRight";
				INFOPLIST_KEY_UISupportedInterfaceOrientations_iPhone = "UIInterfaceOrientationPortrait UIInterfaceOrientationLandscapeLeft UIInterfaceOrientationLandscapeRight";
				LD_RUNPATH_SEARCH_PATHS = (
					"$(inherited)",
					"@executable_path/Frameworks",
				);
				MARKETING_VERSION = 1.0;
				PRODUCT_BUNDLE_IDENTIFIER = Artemk.Homework;
				PRODUCT_NAME = "$(TARGET_NAME)";
				SWIFT_EMIT_LOC_STRINGS = YES;
				SWIFT_VERSION = 5.0;
				TARGETED_DEVICE_FAMILY = "1,2";
			};
			name = Debug;
		};
		ACE0EB6A29A35D5000A09F13 /* Release */ = {
			isa = XCBuildConfiguration;
			buildSettings = {
				ASSETCATALOG_COMPILER_APPICON_NAME = AppIcon;
				ASSETCATALOG_COMPILER_GLOBAL_ACCENT_COLOR_NAME = AccentColor;
				CODE_SIGN_STYLE = Automatic;
				CURRENT_PROJECT_VERSION = 1;
				GENERATE_INFOPLIST_FILE = YES;
				INFOPLIST_FILE = Homework/Info.plist;
				INFOPLIST_KEY_UIApplicationSupportsIndirectInputEvents = YES;
				INFOPLIST_KEY_UILaunchStoryboardName = LaunchScreen;
				INFOPLIST_KEY_UISupportedInterfaceOrientations_iPad = "UIInterfaceOrientationPortrait UIInterfaceOrientationPortraitUpsideDown UIInterfaceOrientationLandscapeLeft UIInterfaceOrientationLandscapeRight";
				INFOPLIST_KEY_UISupportedInterfaceOrientations_iPhone = "UIInterfaceOrientationPortrait UIInterfaceOrientationLandscapeLeft UIInterfaceOrientationLandscapeRight";
				LD_RUNPATH_SEARCH_PATHS = (
					"$(inherited)",
					"@executable_path/Frameworks",
				);
				MARKETING_VERSION = 1.0;
				PRODUCT_BUNDLE_IDENTIFIER = Artemk.Homework;
				PRODUCT_NAME = "$(TARGET_NAME)";
				SWIFT_EMIT_LOC_STRINGS = YES;
				SWIFT_VERSION = 5.0;
				TARGETED_DEVICE_FAMILY = "1,2";
			};
			name = Release;
		};
/* End XCBuildConfiguration section */

/* Begin XCConfigurationList section */
		ACE0EB4F29A35D4F00A09F13 /* Build configuration list for PBXProject "Homework" */ = {
			isa = XCConfigurationList;
			buildConfigurations = (
				ACE0EB6629A35D5000A09F13 /* Debug */,
				ACE0EB6729A35D5000A09F13 /* Release */,
			);
			defaultConfigurationIsVisible = 0;
			defaultConfigurationName = Release;
		};
		ACE0EB6829A35D5000A09F13 /* Build configuration list for PBXNativeTarget "Homework" */ = {
			isa = XCConfigurationList;
			buildConfigurations = (
				ACE0EB6929A35D5000A09F13 /* Debug */,
				ACE0EB6A29A35D5000A09F13 /* Release */,
			);
			defaultConfigurationIsVisible = 0;
			defaultConfigurationName = Release;
		};
/* End XCConfigurationList section */
	};
	rootObject = ACE0EB4C29A35D4F00A09F13 /* Project object */;
}
